// !$*UTF8*$!
{
	archiveVersion = 1;
	classes = {
	};
	objectVersion = 55;
	objects = {

/* Begin PBXBuildFile section */
		4A3EFF6728640B9100BCA4BC /* AppDelegate.swift in Sources */ = {isa = PBXBuildFile; fileRef = 4A3EFF6628640B9100BCA4BC /* AppDelegate.swift */; };
		4A3EFF7028640B9300BCA4BC /* Assets.xcassets in Resources */ = {isa = PBXBuildFile; fileRef = 4A3EFF6F28640B9300BCA4BC /* Assets.xcassets */; };
		4A3EFF7328640B9300BCA4BC /* LaunchScreen.storyboard in Resources */ = {isa = PBXBuildFile; fileRef = 4A3EFF7128640B9300BCA4BC /* LaunchScreen.storyboard */; };
		4A3EFF892864350600BCA4BC /* DeliveryListViewController.swift in Sources */ = {isa = PBXBuildFile; fileRef = 4A3EFF882864350600BCA4BC /* DeliveryListViewController.swift */; };
		4A3EFF8B2864352500BCA4BC /* DeliveryListPresenter.swift in Sources */ = {isa = PBXBuildFile; fileRef = 4A3EFF8A2864352500BCA4BC /* DeliveryListPresenter.swift */; };
		4A3EFF8D2864353400BCA4BC /* DeliveryListRouter.swift in Sources */ = {isa = PBXBuildFile; fileRef = 4A3EFF8C2864353400BCA4BC /* DeliveryListRouter.swift */; };
		4A3EFF912864355800BCA4BC /* DeliveryListInteractor.swift in Sources */ = {isa = PBXBuildFile; fileRef = 4A3EFF902864355800BCA4BC /* DeliveryListInteractor.swift */; };
		4A3EFF93286437B000BCA4BC /* Delivery.swift in Sources */ = {isa = PBXBuildFile; fileRef = 4A3EFF92286437B000BCA4BC /* Delivery.swift */; };
		4A3EFF972864381F00BCA4BC /* DeliveryRepository.swift in Sources */ = {isa = PBXBuildFile; fileRef = 4A3EFF962864381F00BCA4BC /* DeliveryRepository.swift */; };
		4A3EFF9B28643F8500BCA4BC /* DeliveryWebService.swift in Sources */ = {isa = PBXBuildFile; fileRef = 4A3EFF9A28643F8500BCA4BC /* DeliveryWebService.swift */; };
		4A3EFF9D28643F9800BCA4BC /* DeliveryLocalService.swift in Sources */ = {isa = PBXBuildFile; fileRef = 4A3EFF9C28643F9800BCA4BC /* DeliveryLocalService.swift */; };
		4A3EFF9F2865391800BCA4BC /* DeliveryResource.swift in Sources */ = {isa = PBXBuildFile; fileRef = 4A3EFF9E2865391800BCA4BC /* DeliveryResource.swift */; };
		4A3EFFA228653CE700BCA4BC /* ResourceParameters.swift in Sources */ = {isa = PBXBuildFile; fileRef = 4A3EFFA128653CE700BCA4BC /* ResourceParameters.swift */; };
		4A3EFFA4286542C000BCA4BC /* APIClient.swift in Sources */ = {isa = PBXBuildFile; fileRef = 4A3EFFA3286542C000BCA4BC /* APIClient.swift */; };
		4A3EFFA628654FFE00BCA4BC /* RequestEncoder.swift in Sources */ = {isa = PBXBuildFile; fileRef = 4A3EFFA528654FFE00BCA4BC /* RequestEncoder.swift */; };
		4A3EFFAA286550C600BCA4BC /* ApiResponseWrapper.swift in Sources */ = {isa = PBXBuildFile; fileRef = 4A3EFFA9286550C600BCA4BC /* ApiResponseWrapper.swift */; };
		4A3EFFAC286550D600BCA4BC /* ApiErrorWrapper.swift in Sources */ = {isa = PBXBuildFile; fileRef = 4A3EFFAB286550D600BCA4BC /* ApiErrorWrapper.swift */; };
		4A3EFFB02865568200BCA4BC /* DependencyContainer.swift in Sources */ = {isa = PBXBuildFile; fileRef = 4A3EFFAF2865568200BCA4BC /* DependencyContainer.swift */; };
/* End PBXBuildFile section */

/* Begin PBXFileReference section */
		4A3EFF6328640B9100BCA4BC /* LMDeliveryList.app */ = {isa = PBXFileReference; explicitFileType = wrapper.application; includeInIndex = 0; path = LMDeliveryList.app; sourceTree = BUILT_PRODUCTS_DIR; };
		4A3EFF6628640B9100BCA4BC /* AppDelegate.swift */ = {isa = PBXFileReference; lastKnownFileType = sourcecode.swift; path = AppDelegate.swift; sourceTree = "<group>"; };
		4A3EFF6F28640B9300BCA4BC /* Assets.xcassets */ = {isa = PBXFileReference; lastKnownFileType = folder.assetcatalog; path = Assets.xcassets; sourceTree = "<group>"; };
		4A3EFF7228640B9300BCA4BC /* Base */ = {isa = PBXFileReference; lastKnownFileType = file.storyboard; name = Base; path = Base.lproj/LaunchScreen.storyboard; sourceTree = "<group>"; };
		4A3EFF7428640B9300BCA4BC /* Info.plist */ = {isa = PBXFileReference; lastKnownFileType = text.plist.xml; path = Info.plist; sourceTree = "<group>"; };
		4A3EFF882864350600BCA4BC /* DeliveryListViewController.swift */ = {isa = PBXFileReference; lastKnownFileType = sourcecode.swift; path = DeliveryListViewController.swift; sourceTree = SOURCE_ROOT; };
		4A3EFF8A2864352500BCA4BC /* DeliveryListPresenter.swift */ = {isa = PBXFileReference; lastKnownFileType = sourcecode.swift; path = DeliveryListPresenter.swift; sourceTree = "<group>"; };
		4A3EFF8C2864353400BCA4BC /* DeliveryListRouter.swift */ = {isa = PBXFileReference; lastKnownFileType = sourcecode.swift; path = DeliveryListRouter.swift; sourceTree = "<group>"; };
		4A3EFF902864355800BCA4BC /* DeliveryListInteractor.swift */ = {isa = PBXFileReference; lastKnownFileType = sourcecode.swift; path = DeliveryListInteractor.swift; sourceTree = "<group>"; };
		4A3EFF92286437B000BCA4BC /* Delivery.swift */ = {isa = PBXFileReference; lastKnownFileType = sourcecode.swift; path = Delivery.swift; sourceTree = "<group>"; };
		4A3EFF962864381F00BCA4BC /* DeliveryRepository.swift */ = {isa = PBXFileReference; lastKnownFileType = sourcecode.swift; path = DeliveryRepository.swift; sourceTree = "<group>"; };
		4A3EFF9A28643F8500BCA4BC /* DeliveryWebService.swift */ = {isa = PBXFileReference; lastKnownFileType = sourcecode.swift; path = DeliveryWebService.swift; sourceTree = "<group>"; };
		4A3EFF9C28643F9800BCA4BC /* DeliveryLocalService.swift */ = {isa = PBXFileReference; lastKnownFileType = sourcecode.swift; path = DeliveryLocalService.swift; sourceTree = "<group>"; };
		4A3EFF9E2865391800BCA4BC /* DeliveryResource.swift */ = {isa = PBXFileReference; lastKnownFileType = sourcecode.swift; path = DeliveryResource.swift; sourceTree = "<group>"; };
		4A3EFFA128653CE700BCA4BC /* ResourceParameters.swift */ = {isa = PBXFileReference; lastKnownFileType = sourcecode.swift; path = ResourceParameters.swift; sourceTree = "<group>"; };
		4A3EFFA3286542C000BCA4BC /* APIClient.swift */ = {isa = PBXFileReference; lastKnownFileType = sourcecode.swift; path = APIClient.swift; sourceTree = "<group>"; };
		4A3EFFA528654FFE00BCA4BC /* RequestEncoder.swift */ = {isa = PBXFileReference; lastKnownFileType = sourcecode.swift; path = RequestEncoder.swift; sourceTree = "<group>"; };
		4A3EFFA9286550C600BCA4BC /* ApiResponseWrapper.swift */ = {isa = PBXFileReference; lastKnownFileType = sourcecode.swift; path = ApiResponseWrapper.swift; sourceTree = "<group>"; };
		4A3EFFAB286550D600BCA4BC /* ApiErrorWrapper.swift */ = {isa = PBXFileReference; lastKnownFileType = sourcecode.swift; path = ApiErrorWrapper.swift; sourceTree = "<group>"; };
		4A3EFFAF2865568200BCA4BC /* DependencyContainer.swift */ = {isa = PBXFileReference; lastKnownFileType = sourcecode.swift; path = DependencyContainer.swift; sourceTree = "<group>"; };
/* End PBXFileReference section */

/* Begin PBXFrameworksBuildPhase section */
		4A3EFF6028640B9100BCA4BC /* Frameworks */ = {
			isa = PBXFrameworksBuildPhase;
			buildActionMask = 2147483647;
			files = (
			);
			runOnlyForDeploymentPostprocessing = 0;
		};
/* End PBXFrameworksBuildPhase section */

/* Begin PBXGroup section */
		4A3EFF5A28640B9100BCA4BC = {
			isa = PBXGroup;
			children = (
				4A3EFF6528640B9100BCA4BC /* LMDeliveryList */,
				4A3EFF6428640B9100BCA4BC /* Products */,
			);
			sourceTree = "<group>";
		};
		4A3EFF6428640B9100BCA4BC /* Products */ = {
			isa = PBXGroup;
			children = (
				4A3EFF6328640B9100BCA4BC /* LMDeliveryList.app */,
			);
			name = Products;
			sourceTree = "<group>";
		};
		4A3EFF6528640B9100BCA4BC /* LMDeliveryList */ = {
			isa = PBXGroup;
			children = (
				4A3EFFAE2865567200BCA4BC /* App */,
				4A3EFF7B2864114000BCA4BC /* Resources */,
				4A3EFF7A2864113000BCA4BC /* Modules */,
				4A3EFF94286437F800BCA4BC /* Repository */,
				4A3EFF9828643F5800BCA4BC /* Services */,
				4A3EFFA028653CAB00BCA4BC /* Network */,
				4A3EFF7428640B9300BCA4BC /* Info.plist */,
			);
			path = LMDeliveryList;
			sourceTree = "<group>";
		};
		4A3EFF7A2864113000BCA4BC /* Modules */ = {
			isa = PBXGroup;
			children = (
				4A3EFF7D2864342800BCA4BC /* Delivery */,
			);
			path = Modules;
			sourceTree = "<group>";
		};
		4A3EFF7B2864114000BCA4BC /* Resources */ = {
			isa = PBXGroup;
			children = (
				4A3EFF6F28640B9300BCA4BC /* Assets.xcassets */,
				4A3EFF7128640B9300BCA4BC /* LaunchScreen.storyboard */,
			);
			path = Resources;
			sourceTree = "<group>";
		};
		4A3EFF7D2864342800BCA4BC /* Delivery */ = {
			isa = PBXGroup;
			children = (
				4A3EFF7E2864344200BCA4BC /* List */,
				4A3EFF7F2864344A00BCA4BC /* Detail */,
			);
			path = Delivery;
			sourceTree = "<group>";
		};
		4A3EFF7E2864344200BCA4BC /* List */ = {
			isa = PBXGroup;
			children = (
				4A3EFF832864349600BCA4BC /* Interactor */,
				4A3EFF822864348D00BCA4BC /* Router */,
				4A3EFF812864348100BCA4BC /* Presenter */,
				4A3EFF802864347600BCA4BC /* View */,
			);
			path = List;
			sourceTree = "<group>";
		};
		4A3EFF7F2864344A00BCA4BC /* Detail */ = {
			isa = PBXGroup;
			children = (
				4A3EFF87286434BE00BCA4BC /* Interactor */,
				4A3EFF86286434B600BCA4BC /* Router */,
				4A3EFF85286434AE00BCA4BC /* Presenter */,
				4A3EFF84286434A600BCA4BC /* View */,
			);
			path = Detail;
			sourceTree = "<group>";
		};
		4A3EFF802864347600BCA4BC /* View */ = {
			isa = PBXGroup;
			children = (
				4A3EFF882864350600BCA4BC /* DeliveryListViewController.swift */,
				4A3EFF92286437B000BCA4BC /* Delivery.swift */,
			);
			path = View;
			sourceTree = "<group>";
		};
		4A3EFF812864348100BCA4BC /* Presenter */ = {
			isa = PBXGroup;
			children = (
				4A3EFF8A2864352500BCA4BC /* DeliveryListPresenter.swift */,
			);
			path = Presenter;
			sourceTree = "<group>";
		};
		4A3EFF822864348D00BCA4BC /* Router */ = {
			isa = PBXGroup;
			children = (
				4A3EFF8C2864353400BCA4BC /* DeliveryListRouter.swift */,
			);
			path = Router;
			sourceTree = "<group>";
		};
		4A3EFF832864349600BCA4BC /* Interactor */ = {
			isa = PBXGroup;
			children = (
				4A3EFF902864355800BCA4BC /* DeliveryListInteractor.swift */,
			);
			path = Interactor;
			sourceTree = "<group>";
		};
		4A3EFF84286434A600BCA4BC /* View */ = {
			isa = PBXGroup;
			children = (
			);
			path = View;
			sourceTree = "<group>";
		};
		4A3EFF85286434AE00BCA4BC /* Presenter */ = {
			isa = PBXGroup;
			children = (
			);
			path = Presenter;
			sourceTree = "<group>";
		};
		4A3EFF86286434B600BCA4BC /* Router */ = {
			isa = PBXGroup;
			children = (
			);
			path = Router;
			sourceTree = "<group>";
		};
		4A3EFF87286434BE00BCA4BC /* Interactor */ = {
			isa = PBXGroup;
			children = (
			);
			path = Interactor;
			sourceTree = "<group>";
		};
		4A3EFF94286437F800BCA4BC /* Repository */ = {
			isa = PBXGroup;
			children = (
				4A3EFF952864380700BCA4BC /* Delivery */,
			);
			path = Repository;
			sourceTree = "<group>";
		};
		4A3EFF952864380700BCA4BC /* Delivery */ = {
			isa = PBXGroup;
			children = (
				4A3EFF962864381F00BCA4BC /* DeliveryRepository.swift */,
			);
			path = Delivery;
			sourceTree = "<group>";
		};
		4A3EFF9828643F5800BCA4BC /* Services */ = {
			isa = PBXGroup;
			children = (
				4A3EFF9928643F6700BCA4BC /* Delivery */,
			);
			path = Services;
			sourceTree = "<group>";
		};
		4A3EFF9928643F6700BCA4BC /* Delivery */ = {
			isa = PBXGroup;
			children = (
				4A3EFF9A28643F8500BCA4BC /* DeliveryWebService.swift */,
				4A3EFF9C28643F9800BCA4BC /* DeliveryLocalService.swift */,
				4A3EFF9E2865391800BCA4BC /* DeliveryResource.swift */,
			);
			path = Delivery;
			sourceTree = "<group>";
		};
		4A3EFFA028653CAB00BCA4BC /* Network */ = {
			isa = PBXGroup;
			children = (
				4A3EFFAD286550F200BCA4BC /* APIClient */,
				4A3EFFA8286550A100BCA4BC /* Encoder */,
				4A3EFFA72865509700BCA4BC /* Model */,
			);
			path = Network;
			sourceTree = "<group>";
		};
		4A3EFFA72865509700BCA4BC /* Model */ = {
			isa = PBXGroup;
			children = (
				4A3EFFA9286550C600BCA4BC /* ApiResponseWrapper.swift */,
				4A3EFFAB286550D600BCA4BC /* ApiErrorWrapper.swift */,
			);
			path = Model;
			sourceTree = "<group>";
		};
		4A3EFFA8286550A100BCA4BC /* Encoder */ = {
			isa = PBXGroup;
			children = (
				4A3EFFA528654FFE00BCA4BC /* RequestEncoder.swift */,
			);
			path = Encoder;
			sourceTree = "<group>";
		};
		4A3EFFAD286550F200BCA4BC /* APIClient */ = {
			isa = PBXGroup;
			children = (
				4A3EFFA128653CE700BCA4BC /* ResourceParameters.swift */,
				4A3EFFA3286542C000BCA4BC /* APIClient.swift */,
			);
			path = APIClient;
			sourceTree = "<group>";
		};
		4A3EFFAE2865567200BCA4BC /* App */ = {
			isa = PBXGroup;
			children = (
				4A3EFF6628640B9100BCA4BC /* AppDelegate.swift */,
				4A3EFFAF2865568200BCA4BC /* DependencyContainer.swift */,
			);
			path = App;
			sourceTree = "<group>";
		};
/* End PBXGroup section */

/* Begin PBXNativeTarget section */
		4A3EFF6228640B9100BCA4BC /* LMDeliveryList */ = {
			isa = PBXNativeTarget;
			buildConfigurationList = 4A3EFF7728640B9300BCA4BC /* Build configuration list for PBXNativeTarget "LMDeliveryList" */;
			buildPhases = (
				4A3EFF5F28640B9100BCA4BC /* Sources */,
				4A3EFF6028640B9100BCA4BC /* Frameworks */,
				4A3EFF6128640B9100BCA4BC /* Resources */,
			);
			buildRules = (
			);
			dependencies = (
			);
			name = LMDeliveryList;
			productName = LMDeliveryList;
			productReference = 4A3EFF6328640B9100BCA4BC /* LMDeliveryList.app */;
			productType = "com.apple.product-type.application";
		};
/* End PBXNativeTarget section */

/* Begin PBXProject section */
		4A3EFF5B28640B9100BCA4BC /* Project object */ = {
			isa = PBXProject;
			attributes = {
				BuildIndependentTargetsInParallel = 1;
				LastSwiftUpdateCheck = 1310;
				LastUpgradeCheck = 1310;
				TargetAttributes = {
					4A3EFF6228640B9100BCA4BC = {
						CreatedOnToolsVersion = 13.1;
					};
				};
			};
			buildConfigurationList = 4A3EFF5E28640B9100BCA4BC /* Build configuration list for PBXProject "LMDeliveryList" */;
			compatibilityVersion = "Xcode 13.0";
			developmentRegion = en;
			hasScannedForEncodings = 0;
			knownRegions = (
				en,
				Base,
			);
			mainGroup = 4A3EFF5A28640B9100BCA4BC;
			productRefGroup = 4A3EFF6428640B9100BCA4BC /* Products */;
			projectDirPath = "";
			projectRoot = "";
			targets = (
				4A3EFF6228640B9100BCA4BC /* LMDeliveryList */,
			);
		};
/* End PBXProject section */

/* Begin PBXResourcesBuildPhase section */
		4A3EFF6128640B9100BCA4BC /* Resources */ = {
			isa = PBXResourcesBuildPhase;
			buildActionMask = 2147483647;
			files = (
				4A3EFF7328640B9300BCA4BC /* LaunchScreen.storyboard in Resources */,
				4A3EFF7028640B9300BCA4BC /* Assets.xcassets in Resources */,
			);
			runOnlyForDeploymentPostprocessing = 0;
		};
/* End PBXResourcesBuildPhase section */

/* Begin PBXSourcesBuildPhase section */
		4A3EFF5F28640B9100BCA4BC /* Sources */ = {
			isa = PBXSourcesBuildPhase;
			buildActionMask = 2147483647;
			files = (
				4A3EFF8D2864353400BCA4BC /* DeliveryListRouter.swift in Sources */,
				4A3EFFAA286550C600BCA4BC /* ApiResponseWrapper.swift in Sources */,
				4A3EFF93286437B000BCA4BC /* Delivery.swift in Sources */,
				4A3EFF9D28643F9800BCA4BC /* DeliveryLocalService.swift in Sources */,
				4A3EFFA228653CE700BCA4BC /* ResourceParameters.swift in Sources */,
				4A3EFFA628654FFE00BCA4BC /* RequestEncoder.swift in Sources */,
				4A3EFFB02865568200BCA4BC /* DependencyContainer.swift in Sources */,
				4A3EFF9F2865391800BCA4BC /* DeliveryResource.swift in Sources */,
				4A3EFF892864350600BCA4BC /* DeliveryListViewController.swift in Sources */,
				4A3EFF6728640B9100BCA4BC /* AppDelegate.swift in Sources */,
				4A3EFF972864381F00BCA4BC /* DeliveryRepository.swift in Sources */,
				4A3EFF8B2864352500BCA4BC /* DeliveryListPresenter.swift in Sources */,
				4A3EFF9B28643F8500BCA4BC /* DeliveryWebService.swift in Sources */,
				4A3EFF912864355800BCA4BC /* DeliveryListInteractor.swift in Sources */,
				4A3EFFA4286542C000BCA4BC /* APIClient.swift in Sources */,
				4A3EFFAC286550D600BCA4BC /* ApiErrorWrapper.swift in Sources */,
			);
			runOnlyForDeploymentPostprocessing = 0;
		};
/* End PBXSourcesBuildPhase section */

/* Begin PBXVariantGroup section */
		4A3EFF7128640B9300BCA4BC /* LaunchScreen.storyboard */ = {
			isa = PBXVariantGroup;
			children = (
				4A3EFF7228640B9300BCA4BC /* Base */,
			);
			name = LaunchScreen.storyboard;
			sourceTree = "<group>";
		};
/* End PBXVariantGroup section */

/* Begin XCBuildConfiguration section */
		4A3EFF7528640B9300BCA4BC /* Debug */ = {
			isa = XCBuildConfiguration;
			buildSettings = {
				ALWAYS_SEARCH_USER_PATHS = NO;
				CLANG_ANALYZER_NONNULL = YES;
				CLANG_ANALYZER_NUMBER_OBJECT_CONVERSION = YES_AGGRESSIVE;
				CLANG_CXX_LANGUAGE_STANDARD = "gnu++17";
				CLANG_CXX_LIBRARY = "libc++";
				CLANG_ENABLE_MODULES = YES;
				CLANG_ENABLE_OBJC_ARC = YES;
				CLANG_ENABLE_OBJC_WEAK = YES;
				CLANG_WARN_BLOCK_CAPTURE_AUTORELEASING = YES;
				CLANG_WARN_BOOL_CONVERSION = YES;
				CLANG_WARN_COMMA = YES;
				CLANG_WARN_CONSTANT_CONVERSION = YES;
				CLANG_WARN_DEPRECATED_OBJC_IMPLEMENTATIONS = YES;
				CLANG_WARN_DIRECT_OBJC_ISA_USAGE = YES_ERROR;
				CLANG_WARN_DOCUMENTATION_COMMENTS = YES;
				CLANG_WARN_EMPTY_BODY = YES;
				CLANG_WARN_ENUM_CONVERSION = YES;
				CLANG_WARN_INFINITE_RECURSION = YES;
				CLANG_WARN_INT_CONVERSION = YES;
				CLANG_WARN_NON_LITERAL_NULL_CONVERSION = YES;
				CLANG_WARN_OBJC_IMPLICIT_RETAIN_SELF = YES;
				CLANG_WARN_OBJC_LITERAL_CONVERSION = YES;
				CLANG_WARN_OBJC_ROOT_CLASS = YES_ERROR;
				CLANG_WARN_QUOTED_INCLUDE_IN_FRAMEWORK_HEADER = YES;
				CLANG_WARN_RANGE_LOOP_ANALYSIS = YES;
				CLANG_WARN_STRICT_PROTOTYPES = YES;
				CLANG_WARN_SUSPICIOUS_MOVE = YES;
				CLANG_WARN_UNGUARDED_AVAILABILITY = YES_AGGRESSIVE;
				CLANG_WARN_UNREACHABLE_CODE = YES;
				CLANG_WARN__DUPLICATE_METHOD_MATCH = YES;
				COPY_PHASE_STRIP = NO;
				DEBUG_INFORMATION_FORMAT = dwarf;
				ENABLE_STRICT_OBJC_MSGSEND = YES;
				ENABLE_TESTABILITY = YES;
				GCC_C_LANGUAGE_STANDARD = gnu11;
				GCC_DYNAMIC_NO_PIC = NO;
				GCC_NO_COMMON_BLOCKS = YES;
				GCC_OPTIMIZATION_LEVEL = 0;
				GCC_PREPROCESSOR_DEFINITIONS = (
					"DEBUG=1",
					"$(inherited)",
				);
				GCC_WARN_64_TO_32_BIT_CONVERSION = YES;
				GCC_WARN_ABOUT_RETURN_TYPE = YES_ERROR;
				GCC_WARN_UNDECLARED_SELECTOR = YES;
				GCC_WARN_UNINITIALIZED_AUTOS = YES_AGGRESSIVE;
				GCC_WARN_UNUSED_FUNCTION = YES;
				GCC_WARN_UNUSED_VARIABLE = YES;
				IPHONEOS_DEPLOYMENT_TARGET = 15.0;
				MTL_ENABLE_DEBUG_INFO = INCLUDE_SOURCE;
				MTL_FAST_MATH = YES;
				ONLY_ACTIVE_ARCH = YES;
				SDKROOT = iphoneos;
				SWIFT_ACTIVE_COMPILATION_CONDITIONS = DEBUG;
				SWIFT_OPTIMIZATION_LEVEL = "-Onone";
			};
			name = Debug;
		};
		4A3EFF7628640B9300BCA4BC /* Release */ = {
			isa = XCBuildConfiguration;
			buildSettings = {
				ALWAYS_SEARCH_USER_PATHS = NO;
				CLANG_ANALYZER_NONNULL = YES;
				CLANG_ANALYZER_NUMBER_OBJECT_CONVERSION = YES_AGGRESSIVE;
				CLANG_CXX_LANGUAGE_STANDARD = "gnu++17";
				CLANG_CXX_LIBRARY = "libc++";
				CLANG_ENABLE_MODULES = YES;
				CLANG_ENABLE_OBJC_ARC = YES;
				CLANG_ENABLE_OBJC_WEAK = YES;
				CLANG_WARN_BLOCK_CAPTURE_AUTORELEASING = YES;
				CLANG_WARN_BOOL_CONVERSION = YES;
				CLANG_WARN_COMMA = YES;
				CLANG_WARN_CONSTANT_CONVERSION = YES;
				CLANG_WARN_DEPRECATED_OBJC_IMPLEMENTATIONS = YES;
				CLANG_WARN_DIRECT_OBJC_ISA_USAGE = YES_ERROR;
				CLANG_WARN_DOCUMENTATION_COMMENTS = YES;
				CLANG_WARN_EMPTY_BODY = YES;
				CLANG_WARN_ENUM_CONVERSION = YES;
				CLANG_WARN_INFINITE_RECURSION = YES;
				CLANG_WARN_INT_CONVERSION = YES;
				CLANG_WARN_NON_LITERAL_NULL_CONVERSION = YES;
				CLANG_WARN_OBJC_IMPLICIT_RETAIN_SELF = YES;
				CLANG_WARN_OBJC_LITERAL_CONVERSION = YES;
				CLANG_WARN_OBJC_ROOT_CLASS = YES_ERROR;
				CLANG_WARN_QUOTED_INCLUDE_IN_FRAMEWORK_HEADER = YES;
				CLANG_WARN_RANGE_LOOP_ANALYSIS = YES;
				CLANG_WARN_STRICT_PROTOTYPES = YES;
				CLANG_WARN_SUSPICIOUS_MOVE = YES;
				CLANG_WARN_UNGUARDED_AVAILABILITY = YES_AGGRESSIVE;
				CLANG_WARN_UNREACHABLE_CODE = YES;
				CLANG_WARN__DUPLICATE_METHOD_MATCH = YES;
				COPY_PHASE_STRIP = NO;
				DEBUG_INFORMATION_FORMAT = "dwarf-with-dsym";
				ENABLE_NS_ASSERTIONS = NO;
				ENABLE_STRICT_OBJC_MSGSEND = YES;
				GCC_C_LANGUAGE_STANDARD = gnu11;
				GCC_NO_COMMON_BLOCKS = YES;
				GCC_WARN_64_TO_32_BIT_CONVERSION = YES;
				GCC_WARN_ABOUT_RETURN_TYPE = YES_ERROR;
				GCC_WARN_UNDECLARED_SELECTOR = YES;
				GCC_WARN_UNINITIALIZED_AUTOS = YES_AGGRESSIVE;
				GCC_WARN_UNUSED_FUNCTION = YES;
				GCC_WARN_UNUSED_VARIABLE = YES;
				IPHONEOS_DEPLOYMENT_TARGET = 15.0;
				MTL_ENABLE_DEBUG_INFO = NO;
				MTL_FAST_MATH = YES;
				SDKROOT = iphoneos;
				SWIFT_COMPILATION_MODE = wholemodule;
				SWIFT_OPTIMIZATION_LEVEL = "-O";
				VALIDATE_PRODUCT = YES;
			};
			name = Release;
		};
		4A3EFF7828640B9300BCA4BC /* Debug */ = {
			isa = XCBuildConfiguration;
			buildSettings = {
				ASSETCATALOG_COMPILER_APPICON_NAME = AppIcon;
				ASSETCATALOG_COMPILER_GLOBAL_ACCENT_COLOR_NAME = AccentColor;
				CODE_SIGN_STYLE = Automatic;
				CURRENT_PROJECT_VERSION = 1;
				DEVELOPMENT_TEAM = PL37D9ECU5;
				GENERATE_INFOPLIST_FILE = YES;
				INFOPLIST_FILE = LMDeliveryList/Info.plist;
				INFOPLIST_KEY_UIApplicationSupportsIndirectInputEvents = YES;
				INFOPLIST_KEY_UILaunchStoryboardName = LaunchScreen;
				INFOPLIST_KEY_UISupportedInterfaceOrientations_iPad = "UIInterfaceOrientationPortrait UIInterfaceOrientationPortraitUpsideDown UIInterfaceOrientationLandscapeLeft UIInterfaceOrientationLandscapeRight";
				INFOPLIST_KEY_UISupportedInterfaceOrientations_iPhone = "UIInterfaceOrientationPortrait UIInterfaceOrientationLandscapeLeft UIInterfaceOrientationLandscapeRight";
				IPHONEOS_DEPLOYMENT_TARGET = 14.0;
				LD_RUNPATH_SEARCH_PATHS = (
					"$(inherited)",
					"@executable_path/Frameworks",
				);
				MARKETING_VERSION = 1.0;
				PRODUCT_BUNDLE_IDENTIFIER = com.lmdeliverylist.app;
				PRODUCT_NAME = "$(TARGET_NAME)";
				SWIFT_EMIT_LOC_STRINGS = YES;
				SWIFT_VERSION = 5.0;
				TARGETED_DEVICE_FAMILY = 1;
			};
			name = Debug;
		};
		4A3EFF7928640B9300BCA4BC /* Release */ = {
			isa = XCBuildConfiguration;
			buildSettings = {
				ASSETCATALOG_COMPILER_APPICON_NAME = AppIcon;
				ASSETCATALOG_COMPILER_GLOBAL_ACCENT_COLOR_NAME = AccentColor;
				CODE_SIGN_STYLE = Automatic;
				CURRENT_PROJECT_VERSION = 1;
				DEVELOPMENT_TEAM = PL37D9ECU5;
				GENERATE_INFOPLIST_FILE = YES;
				INFOPLIST_FILE = LMDeliveryList/Info.plist;
				INFOPLIST_KEY_UIApplicationSupportsIndirectInputEvents = YES;
				INFOPLIST_KEY_UILaunchStoryboardName = LaunchScreen;
				INFOPLIST_KEY_UISupportedInterfaceOrientations_iPad = "UIInterfaceOrientationPortrait UIInterfaceOrientationPortraitUpsideDown UIInterfaceOrientationLandscapeLeft UIInterfaceOrientationLandscapeRight";
				INFOPLIST_KEY_UISupportedInterfaceOrientations_iPhone = "UIInterfaceOrientationPortrait UIInterfaceOrientationLandscapeLeft UIInterfaceOrientationLandscapeRight";
				IPHONEOS_DEPLOYMENT_TARGET = 14.0;
				LD_RUNPATH_SEARCH_PATHS = (
					"$(inherited)",
					"@executable_path/Frameworks",
				);
				MARKETING_VERSION = 1.0;
				PRODUCT_BUNDLE_IDENTIFIER = com.lmdeliverylist.app;
				PRODUCT_NAME = "$(TARGET_NAME)";
				SWIFT_EMIT_LOC_STRINGS = YES;
				SWIFT_VERSION = 5.0;
				TARGETED_DEVICE_FAMILY = 1;
			};
			name = Release;
		};
/* End XCBuildConfiguration section */

/* Begin XCConfigurationList section */
		4A3EFF5E28640B9100BCA4BC /* Build configuration list for PBXProject "LMDeliveryList" */ = {
			isa = XCConfigurationList;
			buildConfigurations = (
				4A3EFF7528640B9300BCA4BC /* Debug */,
				4A3EFF7628640B9300BCA4BC /* Release */,
			);
			defaultConfigurationIsVisible = 0;
			defaultConfigurationName = Release;
		};
		4A3EFF7728640B9300BCA4BC /* Build configuration list for PBXNativeTarget "LMDeliveryList" */ = {
			isa = XCConfigurationList;
			buildConfigurations = (
				4A3EFF7828640B9300BCA4BC /* Debug */,
				4A3EFF7928640B9300BCA4BC /* Release */,
			);
			defaultConfigurationIsVisible = 0;
			defaultConfigurationName = Release;
		};
/* End XCConfigurationList section */
	};
	rootObject = 4A3EFF5B28640B9100BCA4BC /* Project object */;
}
